
Microsoft Visual Studio Solution File, Format Version 12.00
# Visual Studio 14
VisualStudioVersion = 14.0.25420.1
MinimumVisualStudioVersion = 10.0.40219.1
Project("{FAE04EC0-301F-11D3-BF4B-00C04F79EFBC}") = "Dekhlo.Web", "Dekhlo.Web\Dekhlo.Web.csproj", "{C98E989F-4358-4E7B-9CA0-F8E49B9C7804}"
	ProjectSection(ProjectDependencies) = postProject
		{2FCC64FB-CA23-4DEF-8A0E-3F11FAC584D4} = {2FCC64FB-CA23-4DEF-8A0E-3F11FAC584D4}
	EndProjectSection
EndProject
Project("{FAE04EC0-301F-11D3-BF4B-00C04F79EFBC}") = "Dekhlo.Bal", "Dekhlo.Bal\Dekhlo.Bal.csproj", "{D15E3379-4665-413E-B60D-D3FF3FFE1D30}"
EndProject
Project("{FAE04EC0-301F-11D3-BF4B-00C04F79EFBC}") = "Dekhlo.Dal", "Dekhlo.Dal\Dekhlo.Dal.csproj", "{7FE58FAA-4813-4C6E-A888-85C69CB7D8BA}"
EndProject
Project("{FAE04EC0-301F-11D3-BF4B-00C04F79EFBC}") = "Dekhlo.Entity", "Dekhlo.Entity\Dekhlo.Entity.csproj", "{4FB7E2C4-ECDE-4331-A3A6-CFF71840F928}"
EndProject
Project("{FAE04EC0-301F-11D3-BF4B-00C04F79EFBC}") = "Dekhlo.SmsService", "Dekhlo.SmsService\Dekhlo.SmsService.csproj", "{2FCC64FB-CA23-4DEF-8A0E-3F11FAC584D4}"
EndProject
Project("{FAE04EC0-301F-11D3-BF4B-00C04F79EFBC}") = "Dekhlo.Test", "Dekhlo.Test\Dekhlo.Test.csproj", "{F3FF74F6-E2B9-48C6-8AE1-FBA7DFF58079}"
EndProject
Global
	GlobalSection(SolutionConfigurationPlatforms) = preSolution
		Debug|Any CPU = Debug|Any CPU
		Release|Any CPU = Release|Any CPU
	EndGlobalSection
	GlobalSection(ProjectConfigurationPlatforms) = postSolution
		{C98E989F-4358-4E7B-9CA0-F8E49B9C7804}.Debug|Any CPU.ActiveCfg = Debug|Any CPU
		{C98E989F-4358-4E7B-9CA0-F8E49B9C7804}.Debug|Any CPU.Build.0 = Debug|Any CPU
		{C98E989F-4358-4E7B-9CA0-F8E49B9C7804}.Release|Any CPU.ActiveCfg = Release|Any CPU
		{C98E989F-4358-4E7B-9CA0-F8E49B9C7804}.Release|Any CPU.Build.0 = Release|Any CPU
		{D15E3379-4665-413E-B60D-D3FF3FFE1D30}.Debug|Any CPU.ActiveCfg = Debug|Any CPU
		{D15E3379-4665-413E-B60D-D3FF3FFE1D30}.Debug|Any CPU.Build.0 = Debug|Any CPU
		{D15E3379-4665-413E-B60D-D3FF3FFE1D30}.Release|Any CPU.ActiveCfg = Release|Any CPU
		{D15E3379-4665-413E-B60D-D3FF3FFE1D30}.Release|Any CPU.Build.0 = Release|Any CPU
		{7FE58FAA-4813-4C6E-A888-85C69CB7D8BA}.Debug|Any CPU.ActiveCfg = Debug|Any CPU
		{7FE58FAA-4813-4C6E-A888-85C69CB7D8BA}.Debug|Any CPU.Build.0 = Debug|Any CPU
		{7FE58FAA-4813-4C6E-A888-85C69CB7D8BA}.Release|Any CPU.ActiveCfg = Release|Any CPU
		{7FE58FAA-4813-4C6E-A888-85C69CB7D8BA}.Release|Any CPU.Build.0 = Release|Any CPU
		{4FB7E2C4-ECDE-4331-A3A6-CFF71840F928}.Debug|Any CPU.ActiveCfg = Debug|Any CPU
		{4FB7E2C4-ECDE-4331-A3A6-CFF71840F928}.Debug|Any CPU.Build.0 = Debug|Any CPU
		{4FB7E2C4-ECDE-4331-A3A6-CFF71840F928}.Release|Any CPU.ActiveCfg = Release|Any CPU
		{4FB7E2C4-ECDE-4331-A3A6-CFF71840F928}.Release|Any CPU.Build.0 = Release|Any CPU
		{2FCC64FB-CA23-4DEF-8A0E-3F11FAC584D4}.Debug|Any CPU.ActiveCfg = Debug|Any CPU
		{2FCC64FB-CA23-4DEF-8A0E-3F11FAC584D4}.Debug|Any CPU.Build.0 = Debug|Any CPU
		{2FCC64FB-CA23-4DEF-8A0E-3F11FAC584D4}.Release|Any CPU.ActiveCfg = Release|Any CPU
		{2FCC64FB-CA23-4DEF-8A0E-3F11FAC584D4}.Release|Any CPU.Build.0 = Release|Any CPU
		{F3FF74F6-E2B9-48C6-8AE1-FBA7DFF58079}.Debug|Any CPU.ActiveCfg = Debug|Any CPU
		{F3FF74F6-E2B9-48C6-8AE1-FBA7DFF58079}.Debug|Any CPU.Build.0 = Debug|Any CPU
		{F3FF74F6-E2B9-48C6-8AE1-FBA7DFF58079}.Release|Any CPU.ActiveCfg = Release|Any CPU
		{F3FF74F6-E2B9-48C6-8AE1-FBA7DFF58079}.Release|Any CPU.Build.0 = Release|Any CPU
	EndGlobalSection
	GlobalSection(SolutionProperties) = preSolution
		HideSolutionNode = FALSE
	EndGlobalSection
	GlobalSection(TeamFoundationVersionControl) = preSolution
		SccNumberOfProjects = 7
		SccEnterpriseProvider = {4CA58AB2-18FA-4F8D-95D4-32DDF27D184C}
		SccTeamFoundationServer = https://ritesh967.visualstudio.com/
		SccLocalPath0 = .
		SccProjectUniqueName1 = Dekhlo.Bal\\Dekhlo.Bal.csproj
		SccProjectName1 = Dekhlo.Bal
		SccLocalPath1 = Dekhlo.Bal
		SccProjectUniqueName2 = Dekhlo.Dal\\Dekhlo.Dal.csproj
		SccProjectName2 = Dekhlo.Dal
		SccLocalPath2 = Dekhlo.Dal
		SccProjectUniqueName3 = Dekhlo.Entity\\Dekhlo.Entity.csproj
		SccProjectName3 = Dekhlo.Entity
		SccLocalPath3 = Dekhlo.Entity
		SccProjectUniqueName4 = Dekhlo.SmsService\\Dekhlo.SmsService.csproj
		SccProjectName4 = Dekhlo.SmsService
		SccLocalPath4 = Dekhlo.SmsService
		SccProjectUniqueName5 = Dekhlo.Test\\Dekhlo.Test.csproj
		SccProjectName5 = Dekhlo.Test
		SccLocalPath5 = Dekhlo.Test
		SccProjectUniqueName6 = Dekhlo.Web\\Dekhlo.Web.csproj
		SccProjectName6 = Dekhlo.Web
		SccLocalPath6 = Dekhlo.Web
	EndGlobalSection
EndGlobal
